// !$*UTF8*$!
{
	archiveVersion = 1;
	classes = {
	};
	objectVersion = 51;
	objects = {

/* Begin PBXBuildFile section */
		6417CA042309855A00F041B5 /* GoogleService-Info.plist in Resources */ = {isa = PBXBuildFile; fileRef = 6417CA032309855A00F041B5 /* GoogleService-Info.plist */; };
		6417CA06230D904900F041B5 /* Const.swift in Sources */ = {isa = PBXBuildFile; fileRef = 6417CA05230D904900F041B5 /* Const.swift */; };
		6417CA08230D924300F041B5 /* PostData.swift in Sources */ = {isa = PBXBuildFile; fileRef = 6417CA07230D924300F041B5 /* PostData.swift */; };
		6417CA0B230D92C800F041B5 /* PostTableViewCell.swift in Sources */ = {isa = PBXBuildFile; fileRef = 6417CA09230D92C800F041B5 /* PostTableViewCell.swift */; };
		6417CA0C230D92C800F041B5 /* PostTableViewCell.xib in Resources */ = {isa = PBXBuildFile; fileRef = 6417CA0A230D92C800F041B5 /* PostTableViewCell.xib */; };
		6465A5BF230844E2006400FB /* AppDelegate.swift in Sources */ = {isa = PBXBuildFile; fileRef = 6465A5BE230844E2006400FB /* AppDelegate.swift */; };
		6465A5C1230844E2006400FB /* ViewController.swift in Sources */ = {isa = PBXBuildFile; fileRef = 6465A5C0230844E2006400FB /* ViewController.swift */; };
		6465A5C4230844E2006400FB /* Main.storyboard in Resources */ = {isa = PBXBuildFile; fileRef = 6465A5C2230844E2006400FB /* Main.storyboard */; };
		6465A5C6230844E3006400FB /* Assets.xcassets in Resources */ = {isa = PBXBuildFile; fileRef = 6465A5C5230844E3006400FB /* Assets.xcassets */; };
		6465A5C9230844E3006400FB /* LaunchScreen.storyboard in Resources */ = {isa = PBXBuildFile; fileRef = 6465A5C7230844E3006400FB /* LaunchScreen.storyboard */; };
		6465A5D123084640006400FB /* LoginViewController.swift in Sources */ = {isa = PBXBuildFile; fileRef = 6465A5D023084640006400FB /* LoginViewController.swift */; };
		6465A5D32308465F006400FB /* HomeViewController.swift in Sources */ = {isa = PBXBuildFile; fileRef = 6465A5D22308465F006400FB /* HomeViewController.swift */; };
		6465A5D52308468E006400FB /* ImageSelectViewController.swift in Sources */ = {isa = PBXBuildFile; fileRef = 6465A5D42308468E006400FB /* ImageSelectViewController.swift */; };
		6465A5D7230846B0006400FB /* PostViewController.swift in Sources */ = {isa = PBXBuildFile; fileRef = 6465A5D6230846B0006400FB /* PostViewController.swift */; };
		6465A5D9230846CB006400FB /* SettingViewController.swift in Sources */ = {isa = PBXBuildFile; fileRef = 6465A5D8230846CB006400FB /* SettingViewController.swift */; };
		8D564BD52017B5803A02B20C /* Pods_Instagram.framework in Frameworks */ = {isa = PBXBuildFile; fileRef = EFD3E273E4C832B2EEC19313 /* Pods_Instagram.framework */; };
/* End PBXBuildFile section */

/* Begin PBXFileReference section */
		1E354A9FBB8012DE9124CFE4 /* Pods-Instagram.release.xcconfig */ = {isa = PBXFileReference; includeInIndex = 1; lastKnownFileType = text.xcconfig; name = "Pods-Instagram.release.xcconfig"; path = "Target Support Files/Pods-Instagram/Pods-Instagram.release.xcconfig"; sourceTree = "<group>"; };
		6417CA032309855A00F041B5 /* GoogleService-Info.plist */ = {isa = PBXFileReference; fileEncoding = 4; lastKnownFileType = text.plist.xml; path = "GoogleService-Info.plist"; sourceTree = "<group>"; };
		6417CA05230D904900F041B5 /* Const.swift */ = {isa = PBXFileReference; lastKnownFileType = sourcecode.swift; path = Const.swift; sourceTree = "<group>"; };
		6417CA07230D924300F041B5 /* PostData.swift */ = {isa = PBXFileReference; lastKnownFileType = sourcecode.swift; path = PostData.swift; sourceTree = "<group>"; };
		6417CA09230D92C800F041B5 /* PostTableViewCell.swift */ = {isa = PBXFileReference; lastKnownFileType = sourcecode.swift; path = PostTableViewCell.swift; sourceTree = "<group>"; };
		6417CA0A230D92C800F041B5 /* PostTableViewCell.xib */ = {isa = PBXFileReference; lastKnownFileType = file.xib; path = PostTableViewCell.xib; sourceTree = "<group>"; };
		6465A5BB230844E2006400FB /* Instagram.app */ = {isa = PBXFileReference; explicitFileType = wrapper.application; includeInIndex = 0; path = Instagram.app; sourceTree = BUILT_PRODUCTS_DIR; };
		6465A5BE230844E2006400FB /* AppDelegate.swift */ = {isa = PBXFileReference; lastKnownFileType = sourcecode.swift; path = AppDelegate.swift; sourceTree = "<group>"; };
		6465A5C0230844E2006400FB /* ViewController.swift */ = {isa = PBXFileReference; lastKnownFileType = sourcecode.swift; path = ViewController.swift; sourceTree = "<group>"; };
		6465A5C3230844E2006400FB /* Base */ = {isa = PBXFileReference; lastKnownFileType = file.storyboard; name = Base; path = Base.lproj/Main.storyboard; sourceTree = "<group>"; };
		6465A5C5230844E3006400FB /* Assets.xcassets */ = {isa = PBXFileReference; lastKnownFileType = folder.assetcatalog; path = Assets.xcassets; sourceTree = "<group>"; };
		6465A5C8230844E3006400FB /* Base */ = {isa = PBXFileReference; lastKnownFileType = file.storyboard; name = Base; path = Base.lproj/LaunchScreen.storyboard; sourceTree = "<group>"; };
		6465A5CA230844E3006400FB /* Info.plist */ = {isa = PBXFileReference; lastKnownFileType = text.plist.xml; path = Info.plist; sourceTree = "<group>"; };
		6465A5D023084640006400FB /* LoginViewController.swift */ = {isa = PBXFileReference; lastKnownFileType = sourcecode.swift; path = LoginViewController.swift; sourceTree = "<group>"; };
		6465A5D22308465F006400FB /* HomeViewController.swift */ = {isa = PBXFileReference; lastKnownFileType = sourcecode.swift; path = HomeViewController.swift; sourceTree = "<group>"; };
		6465A5D42308468E006400FB /* ImageSelectViewController.swift */ = {isa = PBXFileReference; lastKnownFileType = sourcecode.swift; path = ImageSelectViewController.swift; sourceTree = "<group>"; };
		6465A5D6230846B0006400FB /* PostViewController.swift */ = {isa = PBXFileReference; lastKnownFileType = sourcecode.swift; path = PostViewController.swift; sourceTree = "<group>"; };
		6465A5D8230846CB006400FB /* SettingViewController.swift */ = {isa = PBXFileReference; lastKnownFileType = sourcecode.swift; path = SettingViewController.swift; sourceTree = "<group>"; };
		EFD3E273E4C832B2EEC19313 /* Pods_Instagram.framework */ = {isa = PBXFileReference; explicitFileType = wrapper.framework; includeInIndex = 0; path = Pods_Instagram.framework; sourceTree = BUILT_PRODUCTS_DIR; };
		FECAAEA14E0F7FC5AE9015EE /* Pods-Instagram.debug.xcconfig */ = {isa = PBXFileReference; includeInIndex = 1; lastKnownFileType = text.xcconfig; name = "Pods-Instagram.debug.xcconfig"; path = "Target Support Files/Pods-Instagram/Pods-Instagram.debug.xcconfig"; sourceTree = "<group>"; };
/* End PBXFileReference section */

/* Begin PBXFrameworksBuildPhase section */
		6465A5B8230844E2006400FB /* Frameworks */ = {
			isa = PBXFrameworksBuildPhase;
			buildActionMask = 2147483647;
			files = (
				8D564BD52017B5803A02B20C /* Pods_Instagram.framework in Frameworks */,
			);
			runOnlyForDeploymentPostprocessing = 0;
		};
/* End PBXFrameworksBuildPhase section */

/* Begin PBXGroup section */
		6465A5B2230844E2006400FB = {
			isa = PBXGroup;
			children = (
				6465A5BD230844E2006400FB /* Instagram */,
				6465A5BC230844E2006400FB /* Products */,
				AE36C6E6D039EDF335F97ADC /* Pods */,
				CE43F389315084A5F7568CAC /* Frameworks */,
			);
			sourceTree = "<group>";
		};
		6465A5BC230844E2006400FB /* Products */ = {
			isa = PBXGroup;
			children = (
				6465A5BB230844E2006400FB /* Instagram.app */,
			);
			name = Products;
			sourceTree = "<group>";
		};
		6465A5BD230844E2006400FB /* Instagram */ = {
			isa = PBXGroup;
			children = (
				6465A5BE230844E2006400FB /* AppDelegate.swift */,
				6465A5C2230844E2006400FB /* Main.storyboard */,
				6465A5C5230844E3006400FB /* Assets.xcassets */,
				6465A5C7230844E3006400FB /* LaunchScreen.storyboard */,
				6465A5CA230844E3006400FB /* Info.plist */,
				6465A5C0230844E2006400FB /* ViewController.swift */,
				6465A5D023084640006400FB /* LoginViewController.swift */,
				646EE767232F1D7E0063612A /* New Group1 */,
				6465A5D42308468E006400FB /* ImageSelectViewController.swift */,
				6465A5D6230846B0006400FB /* PostViewController.swift */,
				6465A5D8230846CB006400FB /* SettingViewController.swift */,
				6417CA032309855A00F041B5 /* GoogleService-Info.plist */,
				6417CA05230D904900F041B5 /* Const.swift */,
				6417CA07230D924300F041B5 /* PostData.swift */,
			);
			path = Instagram;
			sourceTree = "<group>";
		};
		646EE767232F1D7E0063612A /* New Group1 */ = {
			isa = PBXGroup;
			children = (
				6465A5D22308465F006400FB /* HomeViewController.swift */,
				6417CA09230D92C800F041B5 /* PostTableViewCell.swift */,
				6417CA0A230D92C800F041B5 /* PostTableViewCell.xib */,
			);
			path = "New Group1";
			sourceTree = "<group>";
		};
		AE36C6E6D039EDF335F97ADC /* Pods */ = {
			isa = PBXGroup;
			children = (
				FECAAEA14E0F7FC5AE9015EE /* Pods-Instagram.debug.xcconfig */,
				1E354A9FBB8012DE9124CFE4 /* Pods-Instagram.release.xcconfig */,
			);
			path = Pods;
			sourceTree = "<group>";
		};
		CE43F389315084A5F7568CAC /* Frameworks */ = {
			isa = PBXGroup;
			children = (
				EFD3E273E4C832B2EEC19313 /* Pods_Instagram.framework */,
			);
			name = Frameworks;
			sourceTree = "<group>";
		};
/* End PBXGroup section */

/* Begin PBXNativeTarget section */
		6465A5BA230844E2006400FB /* Instagram */ = {
			isa = PBXNativeTarget;
			buildConfigurationList = 6465A5CD230844E3006400FB /* Build configuration list for PBXNativeTarget "Instagram" */;
			buildPhases = (
				B180C425A639A3AB2AAED25A /* [CP] Check Pods Manifest.lock */,
				6465A5B7230844E2006400FB /* Sources */,
				6465A5B8230844E2006400FB /* Frameworks */,
				6465A5B9230844E2006400FB /* Resources */,
				90ABC69AC272043D5D2C3F48 /* [CP] Embed Pods Frameworks */,
			);
			buildRules = (
			);
			dependencies = (
			);
			name = Instagram;
			productName = Instagram;
			productReference = 6465A5BB230844E2006400FB /* Instagram.app */;
			productType = "com.apple.product-type.application";
		};
/* End PBXNativeTarget section */

/* Begin PBXProject section */
		6465A5B3230844E2006400FB /* Project object */ = {
			isa = PBXProject;
			attributes = {
				LastSwiftUpdateCheck = 1020;
				LastUpgradeCheck = 1020;
				ORGANIZATIONNAME = takahashi;
				TargetAttributes = {
					6465A5BA230844E2006400FB = {
						CreatedOnToolsVersion = 10.2;
					};
				};
			};
			buildConfigurationList = 6465A5B6230844E2006400FB /* Build configuration list for PBXProject "Instagram" */;
			compatibilityVersion = "Xcode 9.3";
			developmentRegion = en;
			hasScannedForEncodings = 0;
			knownRegions = (
				en,
				Base,
			);
			mainGroup = 6465A5B2230844E2006400FB;
			productRefGroup = 6465A5BC230844E2006400FB /* Products */;
			projectDirPath = "";
			projectRoot = "";
			targets = (
				6465A5BA230844E2006400FB /* Instagram */,
			);
		};
/* End PBXProject section */

/* Begin PBXResourcesBuildPhase section */
		6465A5B9230844E2006400FB /* Resources */ = {
			isa = PBXResourcesBuildPhase;
			buildActionMask = 2147483647;
			files = (
				6465A5C9230844E3006400FB /* LaunchScreen.storyboard in Resources */,
				6417CA0C230D92C800F041B5 /* PostTableViewCell.xib in Resources */,
				6417CA042309855A00F041B5 /* GoogleService-Info.plist in Resources */,
				6465A5C6230844E3006400FB /* Assets.xcassets in Resources */,
				6465A5C4230844E2006400FB /* Main.storyboard in Resources */,
			);
			runOnlyForDeploymentPostprocessing = 0;
		};
/* End PBXResourcesBuildPhase section */

/* Begin PBXShellScriptBuildPhase section */
		90ABC69AC272043D5D2C3F48 /* [CP] Embed Pods Frameworks */ = {
			isa = PBXShellScriptBuildPhase;
			buildActionMask = 2147483647;
			files = (
			);
			inputFileListPaths = (
				"${PODS_ROOT}/Target Support Files/Pods-Instagram/Pods-Instagram-frameworks-${CONFIGURATION}-input-files.xcfilelist",
			);
			name = "[CP] Embed Pods Frameworks";
			outputFileListPaths = (
				"${PODS_ROOT}/Target Support Files/Pods-Instagram/Pods-Instagram-frameworks-${CONFIGURATION}-output-files.xcfilelist",
			);
			runOnlyForDeploymentPostprocessing = 0;
			shellPath = /bin/sh;
			shellScript = "\"${PODS_ROOT}/Target Support Files/Pods-Instagram/Pods-Instagram-frameworks.sh\"\n";
			showEnvVarsInLog = 0;
		};
		B180C425A639A3AB2AAED25A /* [CP] Check Pods Manifest.lock */ = {
			isa = PBXShellScriptBuildPhase;
			buildActionMask = 2147483647;
			files = (
			);
			inputFileListPaths = (
			);
			inputPaths = (
				"${PODS_PODFILE_DIR_PATH}/Podfile.lock",
				"${PODS_ROOT}/Manifest.lock",
			);
			name = "[CP] Check Pods Manifest.lock";
			outputFileListPaths = (
			);
			outputPaths = (
				"$(DERIVED_FILE_DIR)/Pods-Instagram-checkManifestLockResult.txt",
			);
			runOnlyForDeploymentPostprocessing = 0;
			shellPath = /bin/sh;
			shellScript = "diff \"${PODS_PODFILE_DIR_PATH}/Podfile.lock\" \"${PODS_ROOT}/Manifest.lock\" > /dev/null\nif [ $? != 0 ] ; then\n    # print error to STDERR\n    echo \"error: The sandbox is not in sync with the Podfile.lock. Run 'pod install' or update your CocoaPods installation.\" >&2\n    exit 1\nfi\n# This output is used by Xcode 'outputs' to avoid re-running this script phase.\necho \"SUCCESS\" > \"${SCRIPT_OUTPUT_FILE_0}\"\n";
			showEnvVarsInLog = 0;
		};
/* End PBXShellScriptBuildPhase section */

/* Begin PBXSourcesBuildPhase section */
		6465A5B7230844E2006400FB /* Sources */ = {
			isa = PBXSourcesBuildPhase;
			buildActionMask = 2147483647;
			files = (
				6465A5D7230846B0006400FB /* PostViewController.swift in Sources */,
				6417CA08230D924300F041B5 /* PostData.swift in Sources */,
				6465A5D123084640006400FB /* LoginViewController.swift in Sources */,
				6465A5C1230844E2006400FB /* ViewController.swift in Sources */,
				6465A5BF230844E2006400FB /* AppDelegate.swift in Sources */,
				6465A5D52308468E006400FB /* ImageSelectViewController.swift in Sources */,
				6417CA06230D904900F041B5 /* Const.swift in Sources */,
				6417CA0B230D92C800F041B5 /* PostTableViewCell.swift in Sources */,
				6465A5D9230846CB006400FB /* SettingViewController.swift in Sources */,
				6465A5D32308465F006400FB /* HomeViewController.swift in Sources */,
			);
			runOnlyForDeploymentPostprocessing = 0;
		};
/* End PBXSourcesBuildPhase section */

/* Begin PBXVariantGroup section */
		6465A5C2230844E2006400FB /* Main.storyboard */ = {
			isa = PBXVariantGroup;
			children = (
				6465A5C3230844E2006400FB /* Base */,
			);
			name = Main.storyboard;
			sourceTree = "<group>";
		};
		6465A5C7230844E3006400FB /* LaunchScreen.storyboard */ = {
			isa = PBXVariantGroup;
			children = (
				6465A5C8230844E3006400FB /* Base */,
			);
			name = LaunchScreen.storyboard;
			sourceTree = "<group>";
		};
/* End PBXVariantGroup section */

/* Begin XCBuildConfiguration section */
		6465A5CB230844E3006400FB /* Debug */ = {
			isa = XCBuildConfiguration;
			buildSettings = {
				ALWAYS_SEARCH_USER_PATHS = NO;
				CLANG_ANALYZER_NONNULL = YES;
				CLANG_ANALYZER_NUMBER_OBJECT_CONVERSION = YES_AGGRESSIVE;
				CLANG_CXX_LANGUAGE_STANDARD = "gnu++14";
				CLANG_CXX_LIBRARY = "libc++";
				CLANG_ENABLE_MODULES = YES;
				CLANG_ENABLE_OBJC_ARC = YES;
				CLANG_ENABLE_OBJC_WEAK = YES;
				CLANG_WARN_BLOCK_CAPTURE_AUTORELEASING = YES;
				CLANG_WARN_BOOL_CONVERSION = YES;
				CLANG_WARN_COMMA = YES;
				CLANG_WARN_CONSTANT_CONVERSION = YES;
				CLANG_WARN_DEPRECATED_OBJC_IMPLEMENTATIONS = YES;
				CLANG_WARN_DIRECT_OBJC_ISA_USAGE = YES_ERROR;
				CLANG_WARN_DOCUMENTATION_COMMENTS = YES;
				CLANG_WARN_EMPTY_BODY = YES;
				CLANG_WARN_ENUM_CONVERSION = YES;
				CLANG_WARN_INFINITE_RECURSION = YES;
				CLANG_WARN_INT_CONVERSION = YES;
				CLANG_WARN_NON_LITERAL_NULL_CONVERSION = YES;
				CLANG_WARN_OBJC_IMPLICIT_RETAIN_SELF = YES;
				CLANG_WARN_OBJC_LITERAL_CONVERSION = YES;
				CLANG_WARN_OBJC_ROOT_CLASS = YES_ERROR;
				CLANG_WARN_RANGE_LOOP_ANALYSIS = YES;
				CLANG_WARN_STRICT_PROTOTYPES = YES;
				CLANG_WARN_SUSPICIOUS_MOVE = YES;
				CLANG_WARN_UNGUARDED_AVAILABILITY = YES_AGGRESSIVE;
				CLANG_WARN_UNREACHABLE_CODE = YES;
				CLANG_WARN__DUPLICATE_METHOD_MATCH = YES;
				CODE_SIGN_IDENTITY = "iPhone Developer";
				COPY_PHASE_STRIP = NO;
				DEBUG_INFORMATION_FORMAT = dwarf;
				ENABLE_STRICT_OBJC_MSGSEND = YES;
				ENABLE_TESTABILITY = YES;
				GCC_C_LANGUAGE_STANDARD = gnu11;
				GCC_DYNAMIC_NO_PIC = NO;
				GCC_NO_COMMON_BLOCKS = YES;
				GCC_OPTIMIZATION_LEVEL = 0;
				GCC_PREPROCESSOR_DEFINITIONS = (
					"DEBUG=1",
					"$(inherited)",
				);
				GCC_WARN_64_TO_32_BIT_CONVERSION = YES;
				GCC_WARN_ABOUT_RETURN_TYPE = YES_ERROR;
				GCC_WARN_UNDECLARED_SELECTOR = YES;
				GCC_WARN_UNINITIALIZED_AUTOS = YES_AGGRESSIVE;
				GCC_WARN_UNUSED_FUNCTION = YES;
				GCC_WARN_UNUSED_VARIABLE = YES;
				IPHONEOS_DEPLOYMENT_TARGET = 12.2;
				MTL_ENABLE_DEBUG_INFO = INCLUDE_SOURCE;
				MTL_FAST_MATH = YES;
				ONLY_ACTIVE_ARCH = YES;
				SDKROOT = iphoneos;
				SWIFT_ACTIVE_COMPILATION_CONDITIONS = DEBUG;
				SWIFT_OPTIMIZATION_LEVEL = "-Onone";
			};
			name = Debug;
		};
		6465A5CC230844E3006400FB /* Release */ = {
			isa = XCBuildConfiguration;
			buildSettings = {
				ALWAYS_SEARCH_USER_PATHS = NO;
				CLANG_ANALYZER_NONNULL = YES;
				CLANG_ANALYZER_NUMBER_OBJECT_CONVERSION = YES_AGGRESSIVE;
				CLANG_CXX_LANGUAGE_STANDARD = "gnu++14";
				CLANG_CXX_LIBRARY = "libc++";
				CLANG_ENABLE_MODULES = YES;
				CLANG_ENABLE_OBJC_ARC = YES;
				CLANG_ENABLE_OBJC_WEAK = YES;
				CLANG_WARN_BLOCK_CAPTURE_AUTORELEASING = YES;
				CLANG_WARN_BOOL_CONVERSION = YES;
				CLANG_WARN_COMMA = YES;
				CLANG_WARN_CONSTANT_CONVERSION = YES;
				CLANG_WARN_DEPRECATED_OBJC_IMPLEMENTATIONS = YES;
				CLANG_WARN_DIRECT_OBJC_ISA_USAGE = YES_ERROR;
				CLANG_WARN_DOCUMENTATION_COMMENTS = YES;
				CLANG_WARN_EMPTY_BODY = YES;
				CLANG_WARN_ENUM_CONVERSION = YES;
				CLANG_WARN_INFINITE_RECURSION = YES;
				CLANG_WARN_INT_CONVERSION = YES;
				CLANG_WARN_NON_LITERAL_NULL_CONVERSION = YES;
				CLANG_WARN_OBJC_IMPLICIT_RETAIN_SELF = YES;
				CLANG_WARN_OBJC_LITERAL_CONVERSION = YES;
				CLANG_WARN_OBJC_ROOT_CLASS = YES_ERROR;
				CLANG_WARN_RANGE_LOOP_ANALYSIS = YES;
				CLANG_WARN_STRICT_PROTOTYPES = YES;
				CLANG_WARN_SUSPICIOUS_MOVE = YES;
				CLANG_WARN_UNGUARDED_AVAILABILITY = YES_AGGRESSIVE;
				CLANG_WARN_UNREACHABLE_CODE = YES;
				CLANG_WARN__DUPLICATE_METHOD_MATCH = YES;
				CODE_SIGN_IDENTITY = "iPhone Developer";
				COPY_PHASE_STRIP = NO;
				DEBUG_INFORMATION_FORMAT = "dwarf-with-dsym";
				ENABLE_NS_ASSERTIONS = NO;
				ENABLE_STRICT_OBJC_MSGSEND = YES;
				GCC_C_LANGUAGE_STANDARD = gnu11;
				GCC_NO_COMMON_BLOCKS = YES;
				GCC_WARN_64_TO_32_BIT_CONVERSION = YES;
				GCC_WARN_ABOUT_RETURN_TYPE = YES_ERROR;
				GCC_WARN_UNDECLARED_SELECTOR = YES;
				GCC_WARN_UNINITIALIZED_AUTOS = YES_AGGRESSIVE;
				GCC_WARN_UNUSED_FUNCTION = YES;
				GCC_WARN_UNUSED_VARIABLE = YES;
				IPHONEOS_DEPLOYMENT_TARGET = 12.2;
				MTL_ENABLE_DEBUG_INFO = NO;
				MTL_FAST_MATH = YES;
				SDKROOT = iphoneos;
				SWIFT_COMPILATION_MODE = wholemodule;
				SWIFT_OPTIMIZATION_LEVEL = "-O";
				VALIDATE_PRODUCT = YES;
			};
			name = Release;
		};
		6465A5CE230844E3006400FB /* Debug */ = {
			isa = XCBuildConfiguration;
			baseConfigurationReference = FECAAEA14E0F7FC5AE9015EE /* Pods-Instagram.debug.xcconfig */;
			buildSettings = {
				ASSETCATALOG_COMPILER_APPICON_NAME = AppIcon;
				CODE_SIGN_STYLE = Automatic;
				DEVELOPMENT_TEAM = 95YGZ59RLK;
				INFOPLIST_FILE = Instagram/Info.plist;
				LD_RUNPATH_SEARCH_PATHS = (
					"$(inherited)",
					"@executable_path/Frameworks",
				);
				PRODUCT_BUNDLE_IDENTIFIER = jp.techacademy.tomokazu.takahashi.Instagram;
				PRODUCT_NAME = "$(TARGET_NAME)";
				SWIFT_VERSION = 5.0;
				TARGETED_DEVICE_FAMILY = 1;
			};
			name = Debug;
		};
		6465A5CF230844E3006400FB /* Release */ = {
			isa = XCBuildConfiguration;
			baseConfigurationReference = 1E354A9FBB8012DE9124CFE4 /* Pods-Instagram.release.xcconfig */;
			buildSettings = {
				ASSETCATALOG_COMPILER_APPICON_NAME = AppIcon;
				CODE_SIGN_STYLE = Automatic;
				DEVELOPMENT_TEAM = 95YGZ59RLK;
				INFOPLIST_FILE = Instagram/Info.plist;
				LD_RUNPATH_SEARCH_PATHS = (
					"$(inherited)",
					"@executable_path/Frameworks",
				);
				PRODUCT_BUNDLE_IDENTIFIER = jp.techacademy.tomokazu.takahashi.Instagram;
				PRODUCT_NAME = "$(TARGET_NAME)";
				SWIFT_VERSION = 5.0;
				TARGETED_DEVICE_FAMILY = 1;
			};
			name = Release;
		};
/* End XCBuildConfiguration section */

/* Begin XCConfigurationList section */
		6465A5B6230844E2006400FB /* Build configuration list for PBXProject "Instagram" */ = {
			isa = XCConfigurationList;
			buildConfigurations = (
				6465A5CB230844E3006400FB /* Debug */,
				6465A5CC230844E3006400FB /* Release */,
			);
			defaultConfigurationIsVisible = 0;
			defaultConfigurationName = Release;
		};
		6465A5CD230844E3006400FB /* Build configuration list for PBXNativeTarget "Instagram" */ = {
			isa = XCConfigurationList;
			buildConfigurations = (
				6465A5CE230844E3006400FB /* Debug */,
				6465A5CF230844E3006400FB /* Release */,
			);
			defaultConfigurationIsVisible = 0;
			defaultConfigurationName = Release;
		};
/* End XCConfigurationList section */
	};
	rootObject = 6465A5B3230844E2006400FB /* Project object */;
}
